
[[dependencies]]
name = "solady"
version = "0.0.210"
source = "https://soldeer-revisions.s3.amazonaws.com/solady/0_0_210_21-06-2024_14:45:10_solady.zip"
checksum = "d0afba3d0f196092d8ef07e64b14b2fe0bfcc4b2c0e035bc94a0b623d9756f08"

[[dependencies]]
name = "forge-std"
version = "1.8.2"
source = "https://soldeer-revisions.s3.amazonaws.com/forge-std/1_8_2_19-05-2024_18:52:07_forge-std-1.8.2.zip"
checksum = "88a37e1d79f60b8aad08c7bd50a7a5ef973fc172b1495028d0725a17f5a4976c"
